PODS:
  - FFCircularProgressView (0.5)
  - QMCVDevelopment (0.5.1):
    - FFCircularProgressView
    - QMCVDevelopment/Categories (= 0.5.1)
    - QMCVDevelopment/Protocols (= 0.5.1)
    - QMCVDevelopment/QMChatDataSource (= 0.5.1)
    - QMCVDevelopment/QMChatLocationSnapshotter (= 0.5.1)
    - QMCVDevelopment/Sections (= 0.5.1)
    - QMCVDevelopment/Utils (= 0.5.1)
    - QMCVDevelopment/ViewModels (= 0.5.1)
    - QMCVDevelopment/Views (= 0.5.1)
    - SDWebImage
    - TTTAttributedLabel
  - QMCVDevelopment/Categories (0.5.1):
    - FFCircularProgressView
    - QMCVDevelopment/QMChatLocationSnapshotter
    - SDWebImage
    - TTTAttributedLabel
  - QMCVDevelopment/Protocols (0.5.1):
    - FFCircularProgressView
    - SDWebImage
    - TTTAttributedLabel
  - QMCVDevelopment/QMChatDataSource (0.5.1):
    - FFCircularProgressView
    - SDWebImage
    - TTTAttributedLabel
  - QMCVDevelopment/QMChatLocationSnapshotter (0.5.1):
    - FFCircularProgressView
    - SDWebImage
    - TTTAttributedLabel
  - QMCVDevelopment/Sections (0.5.1):
    - FFCircularProgressView
    - QMCVDevelopment/QMChatDataSource
    - SDWebImage
    - TTTAttributedLabel
  - QMCVDevelopment/Utils (0.5.1):
    - FFCircularProgressView
    - QMCVDevelopment/Categories
    - SDWebImage
    - TTTAttributedLabel
  - QMCVDevelopment/ViewModels (0.5.1):
    - FFCircularProgressView
    - QMCVDevelopment/Categories
    - SDWebImage
    - TTTAttributedLabel
  - QMCVDevelopment/Views (0.5.1):
    - FFCircularProgressView
    - QMCVDevelopment/Categories
    - QMCVDevelopment/Protocols
    - QMCVDevelopment/Utils
    - SDWebImage
    - TTTAttributedLabel
  - SDWebImage (4.1.0):
    - SDWebImage/Core (= 4.1.0)
  - SDWebImage/Core (4.1.0)
  - TTTAttributedLabel (2.0.0)

DEPENDENCIES:
  - QMCVDevelopment (from `../`)

EXTERNAL SOURCES:
  QMCVDevelopment:
    :path: ../

SPEC CHECKSUMS:
  FFCircularProgressView: 683a4ab1e1bd613246a3dffa61503ffdebcde8d8
  QMCVDevelopment: f459cc40e4dce463d7fd9092504e9a9aa49aa7a8
  SDWebImage: 0e435c14e402a6730315a0fb79f95e68654d55a4
  TTTAttributedLabel: 8cffe8e127e4e82ff3af1e5386d4cd0ad000b656

PODFILE CHECKSUM: c95105ef6ff4206fec93cbeb3774097cd54f595f

COCOAPODS: 1.4.0.beta.2
